defaults:
- base
- _self_
init_inventory:
- quantity: '>=4'
  slot: random
  type: honey_bottle
need_crafting_table: false
need_gui: true
reward_conf:
- event: craft_item
  identity: craft honey_block
  max_reward_times: 1
  objects:
  - honey_block
  reward: 1.0
task_conf:
- name: honey_block
  text: craft_item:honey_block
