defaults:
- base
- _self_
init_inventory:
- quantity: '>=4'
  slot: random
  type: honeycomb
need_crafting_table: false
need_gui: true
reward_conf:
- event: craft_item
  identity: craft honeycomb_block
  max_reward_times: 1
  objects:
  - honeycomb_block
  reward: 1.0
task_conf:
- name: honeycomb_block
  text: craft_item:honeycomb_block
