defaults:
- base
- _self_
init_inventory:
- quantity: '1'
  slot: '0'
  type: wooden_shovel:{Enchantments:[{id:silk_touch, lvl:1}]}
inventory_distraction_level: normal
reward_conf:
- event: mine_block
  identity: mine_block:grass_block
  max_reward_times: 1
  objects:
  - grass_block
  reward: 1.0
seed: 7972459931808049474
task_conf:
- name: mine
  text: mine_block:grass_block
teleport:
  x: -4573
  y: 70
  z: -5060
